
Microsoft Visual Studio Solution File, Format Version 12.00
Project("{FAE04EC0-301F-11D3-BF4B-00C04F79EFBC}") = "WpfSelectDirDemo", "WpfSelectDirDemo\WpfSelectDirDemo.csproj", "{24ED62D7-A708-4DB1-AB9D-1DDE215FA1B5}"
EndProject
Global
	GlobalSection(SolutionConfigurationPlatforms) = preSolution
		Debug|Any CPU = Debug|Any CPU
		Release|Any CPU = Release|Any CPU
	EndGlobalSection
	GlobalSection(ProjectConfigurationPlatforms) = postSolution
		{24ED62D7-A708-4DB1-AB9D-1DDE215FA1B5}.Debug|Any CPU.ActiveCfg = Debug|Any CPU
		{24ED62D7-A708-4DB1-AB9D-1DDE215FA1B5}.Debug|Any CPU.Build.0 = Debug|Any CPU
		{24ED62D7-A708-4DB1-AB9D-1DDE215FA1B5}.Release|Any CPU.ActiveCfg = Release|Any CPU
		{24ED62D7-A708-4DB1-AB9D-1DDE215FA1B5}.Release|Any CPU.Build.0 = Release|Any CPU
	EndGlobalSection
EndGlobal
